
Microsoft Visual Studio Solution File, Format Version 12.00
# Visual Studio Version 16
VisualStudioVersion = 16.0.31911.196
MinimumVisualStudioVersion = 10.0.40219.1
Project("{FAE04EC0-301F-11D3-BF4B-00C04F79EFBC}") = "Dota", "Dota.csproj", "{FD69F24B-04E3-4604-BAA1-CBC056D92FEA}"
EndProject
Global
	GlobalSection(SolutionConfigurationPlatforms) = preSolution
		Debug|Any CPU = Debug|Any CPU
		Release|Any CPU = Release|Any CPU
	EndGlobalSection
	GlobalSection(ProjectConfigurationPlatforms) = postSolution
		{FD69F24B-04E3-4604-BAA1-CBC056D92FEA}.Debug|Any CPU.ActiveCfg = Debug|Any CPU
		{FD69F24B-04E3-4604-BAA1-CBC056D92FEA}.Debug|Any CPU.Build.0 = Debug|Any CPU
		{FD69F24B-04E3-4604-BAA1-CBC056D92FEA}.Release|Any CPU.ActiveCfg = Release|Any CPU
		{FD69F24B-04E3-4604-BAA1-CBC056D92FEA}.Release|Any CPU.Build.0 = Release|Any CPU
	EndGlobalSection
	GlobalSection(SolutionProperties) = preSolution
		HideSolutionNode = FALSE
	EndGlobalSection
	GlobalSection(ExtensibilityGlobals) = postSolution
		SolutionGuid = {68C00E12-1E72-4F69-A75A-40EA4FE30ADE}
	EndGlobalSection
EndGlobal
